// !$*UTF8*$!
{
	archiveVersion = 1;
	classes = {
	};
	objectVersion = 50;
	objects = {

/* Begin PBXBuildFile section */
		2C104141261260BA0094C9E1 /* Color+Extensions.swift in Sources */ = {isa = PBXBuildFile; fileRef = 2C104140261260BA0094C9E1 /* Color+Extensions.swift */; };
		2C6176762609F11A00E7B67F /* View+Extensions.swift in Sources */ = {isa = PBXBuildFile; fileRef = 2C6176752609F11A00E7B67F /* View+Extensions.swift */; };
		2C78F10B261E2E5F00CCA78F /* WeatherDetailsView.swift in Sources */ = {isa = PBXBuildFile; fileRef = 2CE2341E260946120021F4F2 /* WeatherDetailsView.swift */; };
		2C78F112261E30E200CCA78F /* WeatherMainView.swift in Sources */ = {isa = PBXBuildFile; fileRef = 2CB572D726092CC100F1F139 /* WeatherMainView.swift */; };
		2C78F117261E31B600CCA78F /* WeatherMainViewModel.swift in Sources */ = {isa = PBXBuildFile; fileRef = 2C78F116261E31B600CCA78F /* WeatherMainViewModel.swift */; };
		2C78F122261E461600CCA78F /* CityListView.swift in Sources */ = {isa = PBXBuildFile; fileRef = 2CD4E294260D1F030082B2F6 /* CityListView.swift */; };
		2CB572D626092CC100F1F139 /* WeatherAppApp.swift in Sources */ = {isa = PBXBuildFile; fileRef = 2CB572D526092CC100F1F139 /* WeatherAppApp.swift */; };
		2CB572DA26092CC500F1F139 /* Assets.xcassets in Resources */ = {isa = PBXBuildFile; fileRef = 2CB572D926092CC500F1F139 /* Assets.xcassets */; };
		2CB572DD26092CC500F1F139 /* Preview Assets.xcassets in Resources */ = {isa = PBXBuildFile; fileRef = 2CB572DC26092CC500F1F139 /* Preview Assets.xcassets */; };
		2CB572E826092CC600F1F139 /* WeatherAppTests.swift in Sources */ = {isa = PBXBuildFile; fileRef = 2CB572E726092CC600F1F139 /* WeatherAppTests.swift */; };
		2CB572F326092CC600F1F139 /* WeatherAppUITests.swift in Sources */ = {isa = PBXBuildFile; fileRef = 2CB572F226092CC600F1F139 /* WeatherAppUITests.swift */; };
		2CC5C4C52613A33700B1A8F5 /* String+Extensions.swift in Sources */ = {isa = PBXBuildFile; fileRef = 2CC5C4BA2613A2E200B1A8F5 /* String+Extensions.swift */; };
		2CD4E290260D16C90082B2F6 /* CityDetailsView.swift in Sources */ = {isa = PBXBuildFile; fileRef = 2CD4E28F260D16C90082B2F6 /* CityDetailsView.swift */; };
		2CD4E29C260D1F440082B2F6 /* CityListViewModel.swift in Sources */ = {isa = PBXBuildFile; fileRef = 2CD4E29B260D1F440082B2F6 /* CityListViewModel.swift */; };
		2CD4E2B9260D205D0082B2F6 /* CityListModel.swift in Sources */ = {isa = PBXBuildFile; fileRef = 2CD4E2A4260D1F8B0082B2F6 /* CityListModel.swift */; };
		2CD4E2C1260D21E90082B2F6 /* FileReader.swift in Sources */ = {isa = PBXBuildFile; fileRef = 2CD4E2C0260D21E90082B2F6 /* FileReader.swift */; };
		2CD4E2C9260D22B60082B2F6 /* FileParser.swift in Sources */ = {isa = PBXBuildFile; fileRef = 2CD4E2C8260D22B60082B2F6 /* FileParser.swift */; };
		2CD4E2CE260D2B840082B2F6 /* CitiesFileManager.swift in Sources */ = {isa = PBXBuildFile; fileRef = 2CD4E2CD260D2B840082B2F6 /* CitiesFileManager.swift */; };
		2CD4E2DF260D2DE20082B2F6 /* cities.txt in Resources */ = {isa = PBXBuildFile; fileRef = 2CD4E2DE260D2DE20082B2F6 /* cities.txt */; };
/* End PBXBuildFile section */

/* Begin PBXContainerItemProxy section */
		2CB572E426092CC600F1F139 /* PBXContainerItemProxy */ = {
			isa = PBXContainerItemProxy;
			containerPortal = 2CB572CA26092CC000F1F139 /* Project object */;
			proxyType = 1;
			remoteGlobalIDString = 2CB572D126092CC100F1F139;
			remoteInfo = WeatherApp;
		};
		2CB572EF26092CC600F1F139 /* PBXContainerItemProxy */ = {
			isa = PBXContainerItemProxy;
			containerPortal = 2CB572CA26092CC000F1F139 /* Project object */;
			proxyType = 1;
			remoteGlobalIDString = 2CB572D126092CC100F1F139;
			remoteInfo = WeatherApp;
		};
/* End PBXContainerItemProxy section */

/* Begin PBXFileReference section */
		2C104140261260BA0094C9E1 /* Color+Extensions.swift */ = {isa = PBXFileReference; lastKnownFileType = sourcecode.swift; path = "Color+Extensions.swift"; sourceTree = "<group>"; };
		2C6176752609F11A00E7B67F /* View+Extensions.swift */ = {isa = PBXFileReference; lastKnownFileType = sourcecode.swift; path = "View+Extensions.swift"; sourceTree = "<group>"; };
		2C78F116261E31B600CCA78F /* WeatherMainViewModel.swift */ = {isa = PBXFileReference; lastKnownFileType = sourcecode.swift; path = WeatherMainViewModel.swift; sourceTree = "<group>"; };
		2CB572D226092CC100F1F139 /* WeatherApp.app */ = {isa = PBXFileReference; explicitFileType = wrapper.application; includeInIndex = 0; path = WeatherApp.app; sourceTree = BUILT_PRODUCTS_DIR; };
		2CB572D526092CC100F1F139 /* WeatherAppApp.swift */ = {isa = PBXFileReference; lastKnownFileType = sourcecode.swift; path = WeatherAppApp.swift; sourceTree = "<group>"; };
		2CB572D726092CC100F1F139 /* WeatherMainView.swift */ = {isa = PBXFileReference; lastKnownFileType = sourcecode.swift; path = WeatherMainView.swift; sourceTree = "<group>"; };
		2CB572D926092CC500F1F139 /* Assets.xcassets */ = {isa = PBXFileReference; lastKnownFileType = folder.assetcatalog; path = Assets.xcassets; sourceTree = "<group>"; };
		2CB572DC26092CC500F1F139 /* Preview Assets.xcassets */ = {isa = PBXFileReference; lastKnownFileType = folder.assetcatalog; path = "Preview Assets.xcassets"; sourceTree = "<group>"; };
		2CB572DE26092CC500F1F139 /* Info.plist */ = {isa = PBXFileReference; lastKnownFileType = text.plist.xml; path = Info.plist; sourceTree = "<group>"; };
		2CB572E326092CC600F1F139 /* WeatherAppTests.xctest */ = {isa = PBXFileReference; explicitFileType = wrapper.cfbundle; includeInIndex = 0; path = WeatherAppTests.xctest; sourceTree = BUILT_PRODUCTS_DIR; };
		2CB572E726092CC600F1F139 /* WeatherAppTests.swift */ = {isa = PBXFileReference; lastKnownFileType = sourcecode.swift; path = WeatherAppTests.swift; sourceTree = "<group>"; };
		2CB572E926092CC600F1F139 /* Info.plist */ = {isa = PBXFileReference; lastKnownFileType = text.plist.xml; path = Info.plist; sourceTree = "<group>"; };
		2CB572EE26092CC600F1F139 /* WeatherAppUITests.xctest */ = {isa = PBXFileReference; explicitFileType = wrapper.cfbundle; includeInIndex = 0; path = WeatherAppUITests.xctest; sourceTree = BUILT_PRODUCTS_DIR; };
		2CB572F226092CC600F1F139 /* WeatherAppUITests.swift */ = {isa = PBXFileReference; lastKnownFileType = sourcecode.swift; path = WeatherAppUITests.swift; sourceTree = "<group>"; };
		2CB572F426092CC600F1F139 /* Info.plist */ = {isa = PBXFileReference; lastKnownFileType = text.plist.xml; path = Info.plist; sourceTree = "<group>"; };
		2CC5C4BA2613A2E200B1A8F5 /* String+Extensions.swift */ = {isa = PBXFileReference; lastKnownFileType = sourcecode.swift; path = "String+Extensions.swift"; sourceTree = "<group>"; };
		2CD4E28F260D16C90082B2F6 /* CityDetailsView.swift */ = {isa = PBXFileReference; lastKnownFileType = sourcecode.swift; path = CityDetailsView.swift; sourceTree = "<group>"; };
		2CD4E294260D1F030082B2F6 /* CityListView.swift */ = {isa = PBXFileReference; lastKnownFileType = sourcecode.swift; path = CityListView.swift; sourceTree = "<group>"; };
		2CD4E29B260D1F440082B2F6 /* CityListViewModel.swift */ = {isa = PBXFileReference; lastKnownFileType = sourcecode.swift; path = CityListViewModel.swift; sourceTree = "<group>"; };
		2CD4E2A4260D1F8B0082B2F6 /* CityListModel.swift */ = {isa = PBXFileReference; lastKnownFileType = sourcecode.swift; path = CityListModel.swift; sourceTree = "<group>"; };
		2CD4E2C0260D21E90082B2F6 /* FileReader.swift */ = {isa = PBXFileReference; lastKnownFileType = sourcecode.swift; path = FileReader.swift; sourceTree = "<group>"; };
		2CD4E2C8260D22B60082B2F6 /* FileParser.swift */ = {isa = PBXFileReference; lastKnownFileType = sourcecode.swift; path = FileParser.swift; sourceTree = "<group>"; };
		2CD4E2CD260D2B840082B2F6 /* CitiesFileManager.swift */ = {isa = PBXFileReference; lastKnownFileType = sourcecode.swift; path = CitiesFileManager.swift; sourceTree = "<group>"; };
		2CD4E2DE260D2DE20082B2F6 /* cities.txt */ = {isa = PBXFileReference; fileEncoding = 4; lastKnownFileType = text; path = cities.txt; sourceTree = "<group>"; };
		2CE2341E260946120021F4F2 /* WeatherDetailsView.swift */ = {isa = PBXFileReference; lastKnownFileType = sourcecode.swift; path = WeatherDetailsView.swift; sourceTree = "<group>"; };
/* End PBXFileReference section */

/* Begin PBXFrameworksBuildPhase section */
		2CB572CF26092CC100F1F139 /* Frameworks */ = {
			isa = PBXFrameworksBuildPhase;
			buildActionMask = 2147483647;
			files = (
			);
			runOnlyForDeploymentPostprocessing = 0;
		};
		2CB572E026092CC600F1F139 /* Frameworks */ = {
			isa = PBXFrameworksBuildPhase;
			buildActionMask = 2147483647;
			files = (
			);
			runOnlyForDeploymentPostprocessing = 0;
		};
		2CB572EB26092CC600F1F139 /* Frameworks */ = {
			isa = PBXFrameworksBuildPhase;
			buildActionMask = 2147483647;
			files = (
			);
			runOnlyForDeploymentPostprocessing = 0;
		};
/* End PBXFrameworksBuildPhase section */

/* Begin PBXGroup section */
		2C6176732609F0F400E7B67F /* Source */ = {
			isa = PBXGroup;
			children = (
				2CD4E2BF260D21D80082B2F6 /* Utils */,
				2C6176742609F10700E7B67F /* Extensions */,
			);
			path = Source;
			sourceTree = "<group>";
		};
		2C6176742609F10700E7B67F /* Extensions */ = {
			isa = PBXGroup;
			children = (
				2C6176752609F11A00E7B67F /* View+Extensions.swift */,
				2C104140261260BA0094C9E1 /* Color+Extensions.swift */,
				2CC5C4BA2613A2E200B1A8F5 /* String+Extensions.swift */,
			);
			path = Extensions;
			sourceTree = "<group>";
		};
		2C78F0FE261E2DBC00CCA78F /* Main */ = {
			isa = PBXGroup;
			children = (
				2CB572D726092CC100F1F139 /* WeatherMainView.swift */,
				2C78F116261E31B600CCA78F /* WeatherMainViewModel.swift */,
			);
			path = Main;
			sourceTree = "<group>";
		};
		2C78F0FF261E2DC600CCA78F /* WeatherDetails */ = {
			isa = PBXGroup;
			children = (
				2CE2341E260946120021F4F2 /* WeatherDetailsView.swift */,
			);
			path = WeatherDetails;
			sourceTree = "<group>";
		};
		2CB572C926092CC000F1F139 = {
			isa = PBXGroup;
			children = (
				2CB572D426092CC100F1F139 /* WeatherApp */,
				2CB572E626092CC600F1F139 /* WeatherAppTests */,
				2CB572F126092CC600F1F139 /* WeatherAppUITests */,
				2CB572D326092CC100F1F139 /* Products */,
			);
			sourceTree = "<group>";
		};
		2CB572D326092CC100F1F139 /* Products */ = {
			isa = PBXGroup;
			children = (
				2CB572D226092CC100F1F139 /* WeatherApp.app */,
				2CB572E326092CC600F1F139 /* WeatherAppTests.xctest */,
				2CB572EE26092CC600F1F139 /* WeatherAppUITests.xctest */,
			);
			name = Products;
			sourceTree = "<group>";
		};
		2CB572D426092CC100F1F139 /* WeatherApp */ = {
			isa = PBXGroup;
			children = (
				2CB5730426092CE300F1F139 /* App */,
				2C6176732609F0F400E7B67F /* Source */,
				2CD4E2DD260D2DCD0082B2F6 /* Resources */,
				2CD4E2A3260D1F660082B2F6 /* Models */,
				2CB5730326092CD800F1F139 /* Views */,
				2CB572DB26092CC500F1F139 /* Preview Content */,
			);
			path = WeatherApp;
			sourceTree = "<group>";
		};
		2CB572DB26092CC500F1F139 /* Preview Content */ = {
			isa = PBXGroup;
			children = (
				2CB572DC26092CC500F1F139 /* Preview Assets.xcassets */,
			);
			path = "Preview Content";
			sourceTree = "<group>";
		};
		2CB572E626092CC600F1F139 /* WeatherAppTests */ = {
			isa = PBXGroup;
			children = (
				2CB572E726092CC600F1F139 /* WeatherAppTests.swift */,
				2CB572E926092CC600F1F139 /* Info.plist */,
			);
			path = WeatherAppTests;
			sourceTree = "<group>";
		};
		2CB572F126092CC600F1F139 /* WeatherAppUITests */ = {
			isa = PBXGroup;
			children = (
				2CB572F226092CC600F1F139 /* WeatherAppUITests.swift */,
				2CB572F426092CC600F1F139 /* Info.plist */,
			);
			path = WeatherAppUITests;
			sourceTree = "<group>";
		};
		2CB5730326092CD800F1F139 /* Views */ = {
			isa = PBXGroup;
			children = (
				2C78F0FF261E2DC600CCA78F /* WeatherDetails */,
				2C78F0FE261E2DBC00CCA78F /* Main */,
				2CD4E27F260D16620082B2F6 /* Pull Up */,
			);
			path = Views;
			sourceTree = "<group>";
		};
		2CB5730426092CE300F1F139 /* App */ = {
			isa = PBXGroup;
			children = (
				2CB572D526092CC100F1F139 /* WeatherAppApp.swift */,
			);
			path = App;
			sourceTree = "<group>";
		};
		2CD4E27F260D16620082B2F6 /* Pull Up */ = {
			isa = PBXGroup;
			children = (
				2CD4E29A260D1F270082B2F6 /* Details */,
				2CD4E299260D1F1E0082B2F6 /* List */,
			);
			path = "Pull Up";
			sourceTree = "<group>";
		};
		2CD4E299260D1F1E0082B2F6 /* List */ = {
			isa = PBXGroup;
			children = (
				2CD4E294260D1F030082B2F6 /* CityListView.swift */,
				2CD4E29B260D1F440082B2F6 /* CityListViewModel.swift */,
			);
			path = List;
			sourceTree = "<group>";
		};
		2CD4E29A260D1F270082B2F6 /* Details */ = {
			isa = PBXGroup;
			children = (
				2CD4E28F260D16C90082B2F6 /* CityDetailsView.swift */,
			);
			path = Details;
			sourceTree = "<group>";
		};
		2CD4E2A3260D1F660082B2F6 /* Models */ = {
			isa = PBXGroup;
			children = (
				2CD4E2A4260D1F8B0082B2F6 /* CityListModel.swift */,
			);
			path = Models;
			sourceTree = "<group>";
		};
		2CD4E2BF260D21D80082B2F6 /* Utils */ = {
			isa = PBXGroup;
			children = (
				2CD4E2C0260D21E90082B2F6 /* FileReader.swift */,
				2CD4E2C8260D22B60082B2F6 /* FileParser.swift */,
				2CD4E2CD260D2B840082B2F6 /* CitiesFileManager.swift */,
			);
			path = Utils;
			sourceTree = "<group>";
		};
		2CD4E2DD260D2DCD0082B2F6 /* Resources */ = {
			isa = PBXGroup;
			children = (
				2CD4E2DE260D2DE20082B2F6 /* cities.txt */,
				2CB572DE26092CC500F1F139 /* Info.plist */,
				2CB572D926092CC500F1F139 /* Assets.xcassets */,
			);
			path = Resources;
			sourceTree = "<group>";
		};
/* End PBXGroup section */

/* Begin PBXNativeTarget section */
		2CB572D126092CC100F1F139 /* WeatherApp */ = {
			isa = PBXNativeTarget;
			buildConfigurationList = 2CB572F726092CC600F1F139 /* Build configuration list for PBXNativeTarget "WeatherApp" */;
			buildPhases = (
				2CB572CE26092CC100F1F139 /* Sources */,
				2CB572CF26092CC100F1F139 /* Frameworks */,
				2CB572D026092CC100F1F139 /* Resources */,
			);
			buildRules = (
			);
			dependencies = (
			);
			name = WeatherApp;
			productName = WeatherApp;
			productReference = 2CB572D226092CC100F1F139 /* WeatherApp.app */;
			productType = "com.apple.product-type.application";
		};
		2CB572E226092CC600F1F139 /* WeatherAppTests */ = {
			isa = PBXNativeTarget;
			buildConfigurationList = 2CB572FA26092CC600F1F139 /* Build configuration list for PBXNativeTarget "WeatherAppTests" */;
			buildPhases = (
				2CB572DF26092CC600F1F139 /* Sources */,
				2CB572E026092CC600F1F139 /* Frameworks */,
				2CB572E126092CC600F1F139 /* Resources */,
			);
			buildRules = (
			);
			dependencies = (
				2CB572E526092CC600F1F139 /* PBXTargetDependency */,
			);
			name = WeatherAppTests;
			productName = WeatherAppTests;
			productReference = 2CB572E326092CC600F1F139 /* WeatherAppTests.xctest */;
			productType = "com.apple.product-type.bundle.unit-test";
		};
		2CB572ED26092CC600F1F139 /* WeatherAppUITests */ = {
			isa = PBXNativeTarget;
			buildConfigurationList = 2CB572FD26092CC600F1F139 /* Build configuration list for PBXNativeTarget "WeatherAppUITests" */;
			buildPhases = (
				2CB572EA26092CC600F1F139 /* Sources */,
				2CB572EB26092CC600F1F139 /* Frameworks */,
				2CB572EC26092CC600F1F139 /* Resources */,
			);
			buildRules = (
			);
			dependencies = (
				2CB572F026092CC600F1F139 /* PBXTargetDependency */,
			);
			name = WeatherAppUITests;
			productName = WeatherAppUITests;
			productReference = 2CB572EE26092CC600F1F139 /* WeatherAppUITests.xctest */;
			productType = "com.apple.product-type.bundle.ui-testing";
		};
/* End PBXNativeTarget section */

/* Begin PBXProject section */
		2CB572CA26092CC000F1F139 /* Project object */ = {
			isa = PBXProject;
			attributes = {
				LastSwiftUpdateCheck = 1240;
				LastUpgradeCheck = 1240;
				TargetAttributes = {
					2CB572D126092CC100F1F139 = {
						CreatedOnToolsVersion = 12.4;
					};
					2CB572E226092CC600F1F139 = {
						CreatedOnToolsVersion = 12.4;
						TestTargetID = 2CB572D126092CC100F1F139;
					};
					2CB572ED26092CC600F1F139 = {
						CreatedOnToolsVersion = 12.4;
						TestTargetID = 2CB572D126092CC100F1F139;
					};
				};
			};
			buildConfigurationList = 2CB572CD26092CC000F1F139 /* Build configuration list for PBXProject "WeatherApp" */;
			compatibilityVersion = "Xcode 9.3";
			developmentRegion = en;
			hasScannedForEncodings = 0;
			knownRegions = (
				en,
				Base,
			);
			mainGroup = 2CB572C926092CC000F1F139;
			productRefGroup = 2CB572D326092CC100F1F139 /* Products */;
			projectDirPath = "";
			projectRoot = "";
			targets = (
				2CB572D126092CC100F1F139 /* WeatherApp */,
				2CB572E226092CC600F1F139 /* WeatherAppTests */,
				2CB572ED26092CC600F1F139 /* WeatherAppUITests */,
			);
		};
/* End PBXProject section */

/* Begin PBXResourcesBuildPhase section */
		2CB572D026092CC100F1F139 /* Resources */ = {
			isa = PBXResourcesBuildPhase;
			buildActionMask = 2147483647;
			files = (
				2CB572DD26092CC500F1F139 /* Preview Assets.xcassets in Resources */,
				2CB572DA26092CC500F1F139 /* Assets.xcassets in Resources */,
				2CD4E2DF260D2DE20082B2F6 /* cities.txt in Resources */,
			);
			runOnlyForDeploymentPostprocessing = 0;
		};
		2CB572E126092CC600F1F139 /* Resources */ = {
			isa = PBXResourcesBuildPhase;
			buildActionMask = 2147483647;
			files = (
			);
			runOnlyForDeploymentPostprocessing = 0;
		};
		2CB572EC26092CC600F1F139 /* Resources */ = {
			isa = PBXResourcesBuildPhase;
			buildActionMask = 2147483647;
			files = (
			);
			runOnlyForDeploymentPostprocessing = 0;
		};
/* End PBXResourcesBuildPhase section */

/* Begin PBXSourcesBuildPhase section */
		2CB572CE26092CC100F1F139 /* Sources */ = {
			isa = PBXSourcesBuildPhase;
			buildActionMask = 2147483647;
			files = (
				2C78F10B261E2E5F00CCA78F /* WeatherDetailsView.swift in Sources */,
				2CD4E290260D16C90082B2F6 /* CityDetailsView.swift in Sources */,
				2CC5C4C52613A33700B1A8F5 /* String+Extensions.swift in Sources */,
				2C78F122261E461600CCA78F /* CityListView.swift in Sources */,
				2C78F112261E30E200CCA78F /* WeatherMainView.swift in Sources */,
				2C104141261260BA0094C9E1 /* Color+Extensions.swift in Sources */,
				2CD4E2C1260D21E90082B2F6 /* FileReader.swift in Sources */,
				2CD4E2B9260D205D0082B2F6 /* CityListModel.swift in Sources */,
				2CD4E2C9260D22B60082B2F6 /* FileParser.swift in Sources */,
				2C78F117261E31B600CCA78F /* WeatherMainViewModel.swift in Sources */,
				2CD4E2CE260D2B840082B2F6 /* CitiesFileManager.swift in Sources */,
				2C6176762609F11A00E7B67F /* View+Extensions.swift in Sources */,
				2CD4E29C260D1F440082B2F6 /* CityListViewModel.swift in Sources */,
				2CB572D626092CC100F1F139 /* WeatherAppApp.swift in Sources */,
			);
			runOnlyForDeploymentPostprocessing = 0;
		};
		2CB572DF26092CC600F1F139 /* Sources */ = {
			isa = PBXSourcesBuildPhase;
			buildActionMask = 2147483647;
			files = (
				2CB572E826092CC600F1F139 /* WeatherAppTests.swift in Sources */,
			);
			runOnlyForDeploymentPostprocessing = 0;
		};
		2CB572EA26092CC600F1F139 /* Sources */ = {
			isa = PBXSourcesBuildPhase;
			buildActionMask = 2147483647;
			files = (
				2CB572F326092CC600F1F139 /* WeatherAppUITests.swift in Sources */,
			);
			runOnlyForDeploymentPostprocessing = 0;
		};
/* End PBXSourcesBuildPhase section */

/* Begin PBXTargetDependency section */
		2CB572E526092CC600F1F139 /* PBXTargetDependency */ = {
			isa = PBXTargetDependency;
			target = 2CB572D126092CC100F1F139 /* WeatherApp */;
			targetProxy = 2CB572E426092CC600F1F139 /* PBXContainerItemProxy */;
		};
		2CB572F026092CC600F1F139 /* PBXTargetDependency */ = {
			isa = PBXTargetDependency;
			target = 2CB572D126092CC100F1F139 /* WeatherApp */;
			targetProxy = 2CB572EF26092CC600F1F139 /* PBXContainerItemProxy */;
		};
/* End PBXTargetDependency section */

/* Begin XCBuildConfiguration section */
		2CB572F526092CC600F1F139 /* Debug */ = {
			isa = XCBuildConfiguration;
			buildSettings = {
				ALWAYS_SEARCH_USER_PATHS = NO;
				CLANG_ANALYZER_NONNULL = YES;
				CLANG_ANALYZER_NUMBER_OBJECT_CONVERSION = YES_AGGRESSIVE;
				CLANG_CXX_LANGUAGE_STANDARD = "gnu++14";
				CLANG_CXX_LIBRARY = "libc++";
				CLANG_ENABLE_MODULES = YES;
				CLANG_ENABLE_OBJC_ARC = YES;
				CLANG_ENABLE_OBJC_WEAK = YES;
				CLANG_WARN_BLOCK_CAPTURE_AUTORELEASING = YES;
				CLANG_WARN_BOOL_CONVERSION = YES;
				CLANG_WARN_COMMA = YES;
				CLANG_WARN_CONSTANT_CONVERSION = YES;
				CLANG_WARN_DEPRECATED_OBJC_IMPLEMENTATIONS = YES;
				CLANG_WARN_DIRECT_OBJC_ISA_USAGE = YES_ERROR;
				CLANG_WARN_DOCUMENTATION_COMMENTS = YES;
				CLANG_WARN_EMPTY_BODY = YES;
				CLANG_WARN_ENUM_CONVERSION = YES;
				CLANG_WARN_INFINITE_RECURSION = YES;
				CLANG_WARN_INT_CONVERSION = YES;
				CLANG_WARN_NON_LITERAL_NULL_CONVERSION = YES;
				CLANG_WARN_OBJC_IMPLICIT_RETAIN_SELF = YES;
				CLANG_WARN_OBJC_LITERAL_CONVERSION = YES;
				CLANG_WARN_OBJC_ROOT_CLASS = YES_ERROR;
				CLANG_WARN_QUOTED_INCLUDE_IN_FRAMEWORK_HEADER = YES;
				CLANG_WARN_RANGE_LOOP_ANALYSIS = YES;
				CLANG_WARN_STRICT_PROTOTYPES = YES;
				CLANG_WARN_SUSPICIOUS_MOVE = YES;
				CLANG_WARN_UNGUARDED_AVAILABILITY = YES_AGGRESSIVE;
				CLANG_WARN_UNREACHABLE_CODE = YES;
				CLANG_WARN__DUPLICATE_METHOD_MATCH = YES;
				COPY_PHASE_STRIP = NO;
				DEBUG_INFORMATION_FORMAT = dwarf;
				ENABLE_STRICT_OBJC_MSGSEND = YES;
				ENABLE_TESTABILITY = YES;
				GCC_C_LANGUAGE_STANDARD = gnu11;
				GCC_DYNAMIC_NO_PIC = NO;
				GCC_NO_COMMON_BLOCKS = YES;
				GCC_OPTIMIZATION_LEVEL = 0;
				GCC_PREPROCESSOR_DEFINITIONS = (
					"DEBUG=1",
					"$(inherited)",
				);
				GCC_WARN_64_TO_32_BIT_CONVERSION = YES;
				GCC_WARN_ABOUT_RETURN_TYPE = YES_ERROR;
				GCC_WARN_UNDECLARED_SELECTOR = YES;
				GCC_WARN_UNINITIALIZED_AUTOS = YES_AGGRESSIVE;
				GCC_WARN_UNUSED_FUNCTION = YES;
				GCC_WARN_UNUSED_VARIABLE = YES;
				IPHONEOS_DEPLOYMENT_TARGET = 14.4;
				MTL_ENABLE_DEBUG_INFO = INCLUDE_SOURCE;
				MTL_FAST_MATH = YES;
				ONLY_ACTIVE_ARCH = YES;
				SDKROOT = iphoneos;
				SWIFT_ACTIVE_COMPILATION_CONDITIONS = DEBUG;
				SWIFT_OPTIMIZATION_LEVEL = "-Onone";
			};
			name = Debug;
		};
		2CB572F626092CC600F1F139 /* Release */ = {
			isa = XCBuildConfiguration;
			buildSettings = {
				ALWAYS_SEARCH_USER_PATHS = NO;
				CLANG_ANALYZER_NONNULL = YES;
				CLANG_ANALYZER_NUMBER_OBJECT_CONVERSION = YES_AGGRESSIVE;
				CLANG_CXX_LANGUAGE_STANDARD = "gnu++14";
				CLANG_CXX_LIBRARY = "libc++";
				CLANG_ENABLE_MODULES = YES;
				CLANG_ENABLE_OBJC_ARC = YES;
				CLANG_ENABLE_OBJC_WEAK = YES;
				CLANG_WARN_BLOCK_CAPTURE_AUTORELEASING = YES;
				CLANG_WARN_BOOL_CONVERSION = YES;
				CLANG_WARN_COMMA = YES;
				CLANG_WARN_CONSTANT_CONVERSION = YES;
				CLANG_WARN_DEPRECATED_OBJC_IMPLEMENTATIONS = YES;
				CLANG_WARN_DIRECT_OBJC_ISA_USAGE = YES_ERROR;
				CLANG_WARN_DOCUMENTATION_COMMENTS = YES;
				CLANG_WARN_EMPTY_BODY = YES;
				CLANG_WARN_ENUM_CONVERSION = YES;
				CLANG_WARN_INFINITE_RECURSION = YES;
				CLANG_WARN_INT_CONVERSION = YES;
				CLANG_WARN_NON_LITERAL_NULL_CONVERSION = YES;
				CLANG_WARN_OBJC_IMPLICIT_RETAIN_SELF = YES;
				CLANG_WARN_OBJC_LITERAL_CONVERSION = YES;
				CLANG_WARN_OBJC_ROOT_CLASS = YES_ERROR;
				CLANG_WARN_QUOTED_INCLUDE_IN_FRAMEWORK_HEADER = YES;
				CLANG_WARN_RANGE_LOOP_ANALYSIS = YES;
				CLANG_WARN_STRICT_PROTOTYPES = YES;
				CLANG_WARN_SUSPICIOUS_MOVE = YES;
				CLANG_WARN_UNGUARDED_AVAILABILITY = YES_AGGRESSIVE;
				CLANG_WARN_UNREACHABLE_CODE = YES;
				CLANG_WARN__DUPLICATE_METHOD_MATCH = YES;
				COPY_PHASE_STRIP = NO;
				DEBUG_INFORMATION_FORMAT = "dwarf-with-dsym";
				ENABLE_NS_ASSERTIONS = NO;
				ENABLE_STRICT_OBJC_MSGSEND = YES;
				GCC_C_LANGUAGE_STANDARD = gnu11;
				GCC_NO_COMMON_BLOCKS = YES;
				GCC_WARN_64_TO_32_BIT_CONVERSION = YES;
				GCC_WARN_ABOUT_RETURN_TYPE = YES_ERROR;
				GCC_WARN_UNDECLARED_SELECTOR = YES;
				GCC_WARN_UNINITIALIZED_AUTOS = YES_AGGRESSIVE;
				GCC_WARN_UNUSED_FUNCTION = YES;
				GCC_WARN_UNUSED_VARIABLE = YES;
				IPHONEOS_DEPLOYMENT_TARGET = 14.4;
				MTL_ENABLE_DEBUG_INFO = NO;
				MTL_FAST_MATH = YES;
				SDKROOT = iphoneos;
				SWIFT_COMPILATION_MODE = wholemodule;
				SWIFT_OPTIMIZATION_LEVEL = "-O";
				VALIDATE_PRODUCT = YES;
			};
			name = Release;
		};
		2CB572F826092CC600F1F139 /* Debug */ = {
			isa = XCBuildConfiguration;
			buildSettings = {
				ASSETCATALOG_COMPILER_APPICON_NAME = AppIcon;
				ASSETCATALOG_COMPILER_GLOBAL_ACCENT_COLOR_NAME = AccentColor;
				CODE_SIGN_STYLE = Automatic;
				DEVELOPMENT_ASSET_PATHS = "\"WeatherApp/Preview Content\"";
				DEVELOPMENT_TEAM = 452NG5983H;
				ENABLE_PREVIEWS = YES;
				INFOPLIST_FILE = WeatherApp/Resources/Info.plist;
				IPHONEOS_DEPLOYMENT_TARGET = 14.0;
				LD_RUNPATH_SEARCH_PATHS = (
					"$(inherited)",
					"@executable_path/Frameworks",
				);
				PRODUCT_BUNDLE_IDENTIFIER = team.WeatherApp;
				PRODUCT_NAME = "$(TARGET_NAME)";
				SWIFT_VERSION = 5.0;
				TARGETED_DEVICE_FAMILY = "1,2";
			};
			name = Debug;
		};
		2CB572F926092CC600F1F139 /* Release */ = {
			isa = XCBuildConfiguration;
			buildSettings = {
				ASSETCATALOG_COMPILER_APPICON_NAME = AppIcon;
				ASSETCATALOG_COMPILER_GLOBAL_ACCENT_COLOR_NAME = AccentColor;
				CODE_SIGN_STYLE = Automatic;
				DEVELOPMENT_ASSET_PATHS = "\"WeatherApp/Preview Content\"";
				DEVELOPMENT_TEAM = 452NG5983H;
				ENABLE_PREVIEWS = YES;
				INFOPLIST_FILE = WeatherApp/Resources/Info.plist;
				IPHONEOS_DEPLOYMENT_TARGET = 14.0;
				LD_RUNPATH_SEARCH_PATHS = (
					"$(inherited)",
					"@executable_path/Frameworks",
				);
				PRODUCT_BUNDLE_IDENTIFIER = team.WeatherApp;
				PRODUCT_NAME = "$(TARGET_NAME)";
				SWIFT_VERSION = 5.0;
				TARGETED_DEVICE_FAMILY = "1,2";
			};
			name = Release;
		};
		2CB572FB26092CC600F1F139 /* Debug */ = {
			isa = XCBuildConfiguration;
			buildSettings = {
				ALWAYS_EMBED_SWIFT_STANDARD_LIBRARIES = YES;
				BUNDLE_LOADER = "$(TEST_HOST)";
				CODE_SIGN_STYLE = Automatic;
				DEVELOPMENT_TEAM = 452NG5983H;
				INFOPLIST_FILE = WeatherAppTests/Info.plist;
				IPHONEOS_DEPLOYMENT_TARGET = 14.0;
				LD_RUNPATH_SEARCH_PATHS = (
					"$(inherited)",
					"@executable_path/Frameworks",
					"@loader_path/Frameworks",
				);
				PRODUCT_BUNDLE_IDENTIFIER = team.WeatherAppTests;
				PRODUCT_NAME = "$(TARGET_NAME)";
				SWIFT_VERSION = 5.0;
				TARGETED_DEVICE_FAMILY = "1,2";
				TEST_HOST = "$(BUILT_PRODUCTS_DIR)/WeatherApp.app/WeatherApp";
			};
			name = Debug;
		};
		2CB572FC26092CC600F1F139 /* Release */ = {
			isa = XCBuildConfiguration;
			buildSettings = {
				ALWAYS_EMBED_SWIFT_STANDARD_LIBRARIES = YES;
				BUNDLE_LOADER = "$(TEST_HOST)";
				CODE_SIGN_STYLE = Automatic;
				DEVELOPMENT_TEAM = 452NG5983H;
				INFOPLIST_FILE = WeatherAppTests/Info.plist;
				IPHONEOS_DEPLOYMENT_TARGET = 14.0;
				LD_RUNPATH_SEARCH_PATHS = (
					"$(inherited)",
					"@executable_path/Frameworks",
					"@loader_path/Frameworks",
				);
				PRODUCT_BUNDLE_IDENTIFIER = team.WeatherAppTests;
				PRODUCT_NAME = "$(TARGET_NAME)";
				SWIFT_VERSION = 5.0;
				TARGETED_DEVICE_FAMILY = "1,2";
				TEST_HOST = "$(BUILT_PRODUCTS_DIR)/WeatherApp.app/WeatherApp";
			};
			name = Release;
		};
		2CB572FE26092CC600F1F139 /* Debug */ = {
			isa = XCBuildConfiguration;
			buildSettings = {
				ALWAYS_EMBED_SWIFT_STANDARD_LIBRARIES = YES;
				CODE_SIGN_STYLE = Automatic;
				DEVELOPMENT_TEAM = 452NG5983H;
				INFOPLIST_FILE = WeatherAppUITests/Info.plist;
				LD_RUNPATH_SEARCH_PATHS = (
					"$(inherited)",
					"@executable_path/Frameworks",
					"@loader_path/Frameworks",
				);
				PRODUCT_BUNDLE_IDENTIFIER = team.WeatherAppUITests;
				PRODUCT_NAME = "$(TARGET_NAME)";
				SWIFT_VERSION = 5.0;
				TARGETED_DEVICE_FAMILY = "1,2";
				TEST_TARGET_NAME = WeatherApp;
			};
			name = Debug;
		};
		2CB572FF26092CC600F1F139 /* Release */ = {
			isa = XCBuildConfiguration;
			buildSettings = {
				ALWAYS_EMBED_SWIFT_STANDARD_LIBRARIES = YES;
				CODE_SIGN_STYLE = Automatic;
				DEVELOPMENT_TEAM = 452NG5983H;
				INFOPLIST_FILE = WeatherAppUITests/Info.plist;
				LD_RUNPATH_SEARCH_PATHS = (
					"$(inherited)",
					"@executable_path/Frameworks",
					"@loader_path/Frameworks",
				);
				PRODUCT_BUNDLE_IDENTIFIER = team.WeatherAppUITests;
				PRODUCT_NAME = "$(TARGET_NAME)";
				SWIFT_VERSION = 5.0;
				TARGETED_DEVICE_FAMILY = "1,2";
				TEST_TARGET_NAME = WeatherApp;
			};
			name = Release;
		};
/* End XCBuildConfiguration section */

/* Begin XCConfigurationList section */
		2CB572CD26092CC000F1F139 /* Build configuration list for PBXProject "WeatherApp" */ = {
			isa = XCConfigurationList;
			buildConfigurations = (
				2CB572F526092CC600F1F139 /* Debug */,
				2CB572F626092CC600F1F139 /* Release */,
			);
			defaultConfigurationIsVisible = 0;
			defaultConfigurationName = Release;
		};
		2CB572F726092CC600F1F139 /* Build configuration list for PBXNativeTarget "WeatherApp" */ = {
			isa = XCConfigurationList;
			buildConfigurations = (
				2CB572F826092CC600F1F139 /* Debug */,
				2CB572F926092CC600F1F139 /* Release */,
			);
			defaultConfigurationIsVisible = 0;
			defaultConfigurationName = Release;
		};
		2CB572FA26092CC600F1F139 /* Build configuration list for PBXNativeTarget "WeatherAppTests" */ = {
			isa = XCConfigurationList;
			buildConfigurations = (
				2CB572FB26092CC600F1F139 /* Debug */,
				2CB572FC26092CC600F1F139 /* Release */,
			);
			defaultConfigurationIsVisible = 0;
			defaultConfigurationName = Release;
		};
		2CB572FD26092CC600F1F139 /* Build configuration list for PBXNativeTarget "WeatherAppUITests" */ = {
			isa = XCConfigurationList;
			buildConfigurations = (
				2CB572FE26092CC600F1F139 /* Debug */,
				2CB572FF26092CC600F1F139 /* Release */,
			);
			defaultConfigurationIsVisible = 0;
			defaultConfigurationName = Release;
		};
/* End XCConfigurationList section */
	};
	rootObject = 2CB572CA26092CC000F1F139 /* Project object */;
}
